
Microsoft Visual Studio Solution File, Format Version 12.00
# Visual Studio Version 17
VisualStudioVersion = 17.5.002.0
MinimumVisualStudioVersion = 10.0.40219.1
Project("{9A19103F-16F7-4668-BE54-9A1E7A4F7556}") = "Caro", "Caro.csproj", "{DA585153-00EF-4476-BD60-C9C9BDD46FA4}"
EndProject
Project("{9A19103F-16F7-4668-BE54-9A1E7A4F7556}") = "Caro_5cgafadw_wpftmp", "Caro_5cgafadw_wpftmp.csproj", "{C01BACBE-20F5-40B2-98A6-883B2E876C8A}"
EndProject
Global
	GlobalSection(SolutionConfigurationPlatforms) = preSolution
		Debug|Any CPU = Debug|Any CPU
		Release|Any CPU = Release|Any CPU
	EndGlobalSection
	GlobalSection(ProjectConfigurationPlatforms) = postSolution
		{DA585153-00EF-4476-BD60-C9C9BDD46FA4}.Debug|Any CPU.ActiveCfg = Debug|Any CPU
		{DA585153-00EF-4476-BD60-C9C9BDD46FA4}.Debug|Any CPU.Build.0 = Debug|Any CPU
		{DA585153-00EF-4476-BD60-C9C9BDD46FA4}.Release|Any CPU.ActiveCfg = Release|Any CPU
		{DA585153-00EF-4476-BD60-C9C9BDD46FA4}.Release|Any CPU.Build.0 = Release|Any CPU
		{C01BACBE-20F5-40B2-98A6-883B2E876C8A}.Debug|Any CPU.ActiveCfg = Debug|Any CPU
		{C01BACBE-20F5-40B2-98A6-883B2E876C8A}.Debug|Any CPU.Build.0 = Debug|Any CPU
		{C01BACBE-20F5-40B2-98A6-883B2E876C8A}.Release|Any CPU.ActiveCfg = Release|Any CPU
		{C01BACBE-20F5-40B2-98A6-883B2E876C8A}.Release|Any CPU.Build.0 = Release|Any CPU
	EndGlobalSection
	GlobalSection(SolutionProperties) = preSolution
		HideSolutionNode = FALSE
	EndGlobalSection
	GlobalSection(ExtensibilityGlobals) = postSolution
		SolutionGuid = {C2FDA20E-6535-4873-8EE9-6AAD49204505}
	EndGlobalSection
EndGlobal
